
Microsoft Visual Studio Solution File, Format Version 12.00
# Visual Studio Version 17
VisualStudioVersion = 17.7.34024.191
MinimumVisualStudioVersion = 10.0.40219.1
Project("{FAE04EC0-301F-11D3-BF4B-00C04F79EFBC}") = "Benchmark", "Benchmark\Benchmark.csproj", "{34EE1D5E-C8CA-4C67-A088-6CF2B0DA2AE3}"
EndProject
Global
	GlobalSection(SolutionConfigurationPlatforms) = preSolution
		Debug|Any CPU = Debug|Any CPU
		Release|Any CPU = Release|Any CPU
	EndGlobalSection
	GlobalSection(ProjectConfigurationPlatforms) = postSolution
		{34EE1D5E-C8CA-4C67-A088-6CF2B0DA2AE3}.Debug|Any CPU.ActiveCfg = Debug|Any CPU
		{34EE1D5E-C8CA-4C67-A088-6CF2B0DA2AE3}.Debug|Any CPU.Build.0 = Debug|Any CPU
		{34EE1D5E-C8CA-4C67-A088-6CF2B0DA2AE3}.Release|Any CPU.ActiveCfg = Release|Any CPU
		{34EE1D5E-C8CA-4C67-A088-6CF2B0DA2AE3}.Release|Any CPU.Build.0 = Release|Any CPU
	EndGlobalSection
	GlobalSection(SolutionProperties) = preSolution
		HideSolutionNode = FALSE
	EndGlobalSection
	GlobalSection(ExtensibilityGlobals) = postSolution
		SolutionGuid = {26423CEE-3C36-4587-B497-9AFCEAC9F376}
	EndGlobalSection
EndGlobal
